version = 1
revision = 5
requires-python = ">=3.13"

[manifest]
build-constraints = [{ name = "setuptools", specifier = "==84.0.0" }]

[[package]]
name = "colorama"
version = "0.4.6"
source = { registry = "https://pypi.org/simple" }
sdist = { url = "https://files.pythonhosted.org/packages/d8/53/6f443c9a4a8358a93a6792e2acffb9d9d5cb0a5cfd8802644b7b1c9a02e4/colorama-0.4.6.tar.gz", hash = "sha256:08695f5cb7ed6e0531a20572697297273c47b8cae5a63ffc6d6ed5c201be6e44", size = 27697, upload-time = "2022-10-25T02:36:22.414Z" }
wheels = [
    { url = "https://files.pythonhosted.org/packages/d1/d6/3965ed04c63042e047cb6a3e6ed1a63a35087b6a609aa3a15ed8ac56c221/colorama-0.4.6-py2.py3-none-any.whl", hash = "sha256:4f1d9991f5acc0ca119f9d443620b77f9d6b33703e51011c16baf57afb285fc6", size = 25335, upload-time = "2022-10-25T02:36:20.889Z" },
]

[[package]]
name = "iniconfig"
version = "2.3.0"
source = { registry = "https://pypi.org/simple" }
sdist = { url = "https://files.pythonhosted.org/packages/72/34/14ca021ce8e5dfedc35312d08ba8bf51fdd999c576889fc2c24cb97f4f10/iniconfig-2.3.0.tar.gz", hash = "sha256:c76315c77db068650d49c5b56314774a7804df16fee4402c1f19d6d15d8c4730", size = 20503, upload-time = "2025-10-18T21:55:43.219Z" }
wheels = [
    { url = "https://files.pythonhosted.org/packages/cb/b1/3846dd7f199d53cb17f49cba7e651e9ce294d8497c8c150530ed11865bb8/iniconfig-2.3.0-py3-none-any.whl", hash = "sha256:f631c04d2c48c52b84d0d0549c99ff3859c98df65b3101406327ecc7d53fbf12", size = 7484, upload-time = "2025-10-18T21:55:41.639Z" },
]

[[package]]
name = "localwebservermanager"
version = "0.1.0"
source = { editable = "." }
dependencies = [
    { name = "psutil" },
    { name = "pyside6" },
]

[package.optional-dependencies]
dev = [
    { name = "pyright", extra = ["nodejs"] },
    { name = "pytest" },
    { name = "pytest-qt" },
    { name = "ruff" },
]

[package.metadata]
requires-dist = [
    { name = "psutil", specifier = "==7.2.2" },
    { name = "pyright", extras = ["nodejs"], marker = "extra == 'dev'", specifier = "==1.1.414" },
    { name = "pyside6", specifier = "==6.12.0" },
    { name = "pytest", marker = "extra == 'dev'", specifier = "==9.1.1" },
    { name = "pytest-qt", marker = "extra == 'dev'", specifier = "==4.5.0" },
    { name = "ruff", marker = "extra == 'dev'", specifier = "==0.16.10" },
]
provides-extras = ["dev"]

[[package]]
name = "nodeenv"
version = "1.11.0"
source = { registry = "https://pypi.org/simple" }
sdist = { url = "https://files.pythonhosted.org/packages/9a/8e/105de02c1322cfada6d9710d9146ef8026419d433c9d08359a2d35805811/nodeenv-1.11.0.tar.gz", hash = "sha256:3ce8fe5b71d16e8af7039ca65257354100bc772965d6bc549070649e53b1b146", size = 99301, upload-time = "2026-09-26T11:29:21.367Z" }
wheels = [
    { url = "https://files.pythonhosted.org/packages/54/c8/12811c9b48fde162bb72b6f2e78fada9a247a09d7bb5be2050a5d099c77b/nodeenv-1.11.0-py2.py3-none-any.whl", hash = "sha256:edaa16e6c14d7cf395d75d4bbd5a26390f4dc06501a33b4e76282b02cc688a25", size = 34277, upload-time = "2026-09-26T11:29:19.933Z" },
]

[[package]]
name = "nodejs-wheel-binaries"
version = "24.19.0"
source = { registry = "https://pypi.org/simple" }
sdist = { url = "https://files.pythonhosted.org/packages/c0/76/7e97195e14346598565a0de4ca8bdbd5e634b3fb5b1ba590b7b1b89f8a63/nodejs_wheel_binaries-24.19.0.tar.gz", hash = "sha256:db217eef8cab8551667863379b08db4d9067403f6cbbe87481eb40edceb8aa9b", size = 8058, upload-time = "2026-08-19T21:47:19.671Z" }
wheels = [
    { url = "https://files.pythonhosted.org/packages/8c/52/0774b52c7be8151ad9d5aff44edc100c3f13d6d8eb3765f63ffa40e69fe8/nodejs_wheel_binaries-24.19.0-py2.py3-none-macosx_13_0_arm64.whl", hash = "sha256:e12cbfd69089504e42fb14194ce734a9dcf3eb38c820ca63dd511d36fb964e9c", size = 56047203, upload-time = "2026-08-19T21:46:43.448Z" },
    { url = "https://files.pythonhosted.org/packages/67/3a/4fdbbfecf2c23d52c0e3f68de7f7c1b3c97a26d328c69c5f6c49c48e340e/nodejs_wheel_binaries-24.19.0-py2.py3-none-macosx_13_0_x86_64.whl", hash = "sha256:1c890adf4b7e6556ccc1ca66c866bb81884b6c9a581dee4e530dc7f78fb9d514", size = 56219459, upload-time = "2026-08-19T21:46:48.45Z" },
    { url = "https://files.pythonhosted.org/packages/5f/a8/0147149415195c59b8a72a594916bfb80d6be4d586f9fbfda313889e0efc/nodejs_wheel_binaries-24.19.0-py2.py3-none-manylinux_2_28_aarch64.whl", hash = "sha256:4e029dadfae1295876063c96b236f673487e8c27379fe146c1e2250283520227", size = 60588256, upload-time = "2026-08-19T21:46:53.298Z" },
    { url = "https://files.pythonhosted.org/packages/f4/89/6631d0982353da1bb7bc00bb1988f702822c62b42634f57999ee53b5c337/nodejs_wheel_binaries-24.19.0-py2.py3-none-manylinux_2_28_x86_64.whl", hash = "sha256:4196a947bcc883f2003ab101762d729f3e99b5e86b75bd09151563403e2eceb8", size = 61123607, upload-time = "2026-08-19T21:46:58.117Z" },
    { url = "https://files.pythonhosted.org/packages/32/a2/fa30f0841e4602995782e124359f9b910c7b481d98decf61ef0b2fc3ebfb/nodejs_wheel_binaries-24.19.0-py2.py3-none-musllinux_1_2_aarch64.whl", hash = "sha256:352e048ab4dd35e7de5f338d1cc4fcbf77a0e93da30bf7336a8217ee246b31d7", size = 62632842, upload-time = "2026-08-19T21:47:03.42Z" },
    { url = "https://files.pythonhosted.org/packages/18/01/22d97ca72213f66cc386ee638db30c2e62757fdf761c6029074bced83d1c/nodejs_wheel_binaries-24.19.0-py2.py3-none-musllinux_1_2_x86_64.whl", hash = "sha256:28d078b2ced9e2069516e652dc4b1380e7a1a7f2d3934eccd1611586d283ba4c", size = 63250653, upload-time = "2026-08-19T21:47:07.938Z" },
    { url = "https://files.pythonhosted.org/packages/88/d1/e3be8fa327a795bcaf7a19cd84299e338a7bce32ff0665fdce9cfa22573c/nodejs_wheel_binaries-24.19.0-py2.py3-none-win_amd64.whl", hash = "sha256:67e3abeb9c3830cae8c8487ae8a2af7cc27dfa75af06145cee5ca7d1857c81bd", size = 42448503, upload-time = "2026-08-19T21:47:12.093Z" },
    { url = "https://files.pythonhosted.org/packages/1d/37/34cf28ba1691a060174948a9927fe61091982d6048b2e403071a9acce443/nodejs_wheel_binaries-24.19.0-py2.py3-none-win_arm64.whl", hash = "sha256:d9074c665ea68b04e183d82482c86dc907d3a9bd15eb6cf85542cb785266bb36", size = 40090155, upload-time = "2026-08-19T21:47:16.032Z" },
]

[[package]]
name = "packaging"
version = "26.2"
source = { registry = "https://pypi.org/simple" }
sdist = { url = "https://files.pythonhosted.org/packages/d7/f1/e7a6dd94a8d4a5626c03e4e99c87f241ba9e350cd9e6d75123f992427270/packaging-26.2.tar.gz", hash = "sha256:ff452ff5a3e828ce110190feff1178bb1f2ea2281fa2075aadb987c2fb221661", size = 228134, upload-time = "2026-04-24T20:15:23.917Z" }
wheels = [
    { url = "https://files.pythonhosted.org/packages/df/b2/87e62e8c3e2f4b32e5fe99e0b86d576da1312593b39f47d8ceef365e95ed/packaging-26.2-py3-none-any.whl", hash = "sha256:5fc45236b9446107ff2415ce77c807cee2862cb6fac22b8a73826d0693b0980e", size = 100195, upload-time = "2026-04-24T20:15:22.081Z" },
]

[[package]]
name = "pluggy"
version = "1.6.0"
source = { registry = "https://pypi.org/simple" }
sdist = { url = "https://files.pythonhosted.org/packages/f9/e2/3e91f31a7d2b083fe6ef3fa267035b518369d9511ffab804f839851d2779/pluggy-1.6.0.tar.gz", hash = "sha256:7dcc130b76258d33b90f61b658791dede3486c3e6bfb003ee5c9bfb396dd22f3", size = 69412, upload-time = "2025-05-15T12:30:07.975Z" }
wheels = [
    { url = "https://files.pythonhosted.org/packages/54/20/4d324d65cc6d9205fabedc306948156824eb9f0ee1633355a8f7ec5c66bf/pluggy-1.6.0-py3-none-any.whl", hash = "sha256:e920276dd6813095e9377c0bc5566d94c932c33b27a3e3945d8389c374dd4746", size = 20538, upload-time = "2025-05-15T12:30:06.134Z" },
]

[[package]]
name = "psutil"
version = "7.2.2"
source = { registry = "https://pypi.org/simple" }
sdist = { url = "https://files.pythonhosted.org/packages/aa/c6/d1ddf4abb55e93cebc4f2ed8b5d6dbad109ecb8d63748dd2b20ab5e57ebe/psutil-7.2.2.tar.gz", hash = "sha256:0746f5f8d406af344fd547f1c8daa5f5c33dbc293bb8d6a16d80b4bb88f59372", size = 493740, upload-time = "2026-01-28T18:14:54.428Z" }
wheels = [
    { url = "https://files.pythonhosted.org/packages/51/08/510cbdb69c25a96f4ae523f733cdc963ae654904e8db864c07585ef99875/psutil-7.2.2-cp313-cp313t-macosx_10_13_x86_64.whl", hash = "sha256:2edccc433cbfa046b980b0df0171cd25bcaeb3a68fe9022db0979e7aa74a826b", size = 130595, upload-time = "2026-01-28T18:14:57.293Z" },
    { url = "https://files.pythonhosted.org/packages/d6/f5/97baea3fe7a5a9af7436301f85490905379b1c6f2dd51fe3ecf24b4c5fbf/psutil-7.2.2-cp313-cp313t-macosx_11_0_arm64.whl", hash = "sha256:e78c8603dcd9a04c7364f1a3e670cea95d51ee865e4efb3556a3a63adef958ea", size = 131082, upload-time = "2026-01-28T18:14:59.732Z" },
    { url = "https://files.pythonhosted.org/packages/37/d6/246513fbf9fa174af531f28412297dd05241d97a75911ac8febefa1a53c6/psutil-7.2.2-cp313-cp313t-manylinux2010_x86_64.manylinux_2_12_x86_64.manylinux_2_28_x86_64.whl", hash = "sha256:1a571f2330c966c62aeda00dd24620425d4b0cc86881c89861fbc04549e5dc63", size = 181476, upload-time = "2026-01-28T18:15:01.884Z" },
    { url = "https://files.pythonhosted.org/packages/b8/b5/9182c9af3836cca61696dabe4fd1304e17bc56cb62f17439e1154f225dd3/psutil-7.2.2-cp313-cp313t-manylinux2014_aarch64.manylinux_2_17_aarch64.manylinux_2_28_aarch64.whl", hash = "sha256:917e891983ca3c1887b4ef36447b1e0873e70c933afc831c6b6da078ba474312", size = 184062, upload-time = "2026-01-28T18:15:04.436Z" },
    { url = "https://files.pythonhosted.org/packages/16/ba/0756dca669f5a9300d0cbcbfae9a4c30e446dfc7440ffe43ded5724bfd93/psutil-7.2.2-cp313-cp313t-win_amd64.whl", hash = "sha256:ab486563df44c17f5173621c7b198955bd6b613fb87c71c161f827d3fb149a9b", size = 139893, upload-time = "2026-01-28T18:15:06.378Z" },
    { url = "https://files.pythonhosted.org/packages/1c/61/8fa0e26f33623b49949346de05ec1ddaad02ed8ba64af45f40a147dbfa97/psutil-7.2.2-cp313-cp313t-win_arm64.whl", hash = "sha256:ae0aefdd8796a7737eccea863f80f81e468a1e4cf14d926bd9b6f5f2d5f90ca9", size = 135589, upload-time = "2026-01-28T18:15:08.03Z" },
    { url = "https://files.pythonhosted.org/packages/81/69/ef179ab5ca24f32acc1dac0c247fd6a13b501fd5534dbae0e05a1c48b66d/psutil-7.2.2-cp314-cp314t-macosx_10_15_x86_64.whl", hash = "sha256:eed63d3b4d62449571547b60578c5b2c4bcccc5387148db46e0c2313dad0ee00", size = 130664, upload-time = "2026-01-28T18:15:09.469Z" },
    { url = "https://files.pythonhosted.org/packages/7b/64/665248b557a236d3fa9efc378d60d95ef56dd0a490c2cd37dafc7660d4a9/psutil-7.2.2-cp314-cp314t-macosx_11_0_arm64.whl", hash = "sha256:7b6d09433a10592ce39b13d7be5a54fbac1d1228ed29abc880fb23df7cb694c9", size = 131087, upload-time = "2026-01-28T18:15:11.724Z" },
    { url = "https://files.pythonhosted.org/packages/d5/2e/e6782744700d6759ebce3043dcfa661fb61e2fb752b91cdeae9af12c2178/psutil-7.2.2-cp314-cp314t-manylinux2010_x86_64.manylinux_2_12_x86_64.manylinux_2_28_x86_64.whl", hash = "sha256:1fa4ecf83bcdf6e6c8f4449aff98eefb5d0604bf88cb883d7da3d8d2d909546a", size = 182383, upload-time = "2026-01-28T18:15:13.445Z" },
    { url = "https://files.pythonhosted.org/packages/57/49/0a41cefd10cb7505cdc04dab3eacf24c0c2cb158a998b8c7b1d27ee2c1f5/psutil-7.2.2-cp314-cp314t-manylinux2014_aarch64.manylinux_2_17_aarch64.manylinux_2_28_aarch64.whl", hash = "sha256:e452c464a02e7dc7822a05d25db4cde564444a67e58539a00f929c51eddda0cf", size = 185210, upload-time = "2026-01-28T18:15:16.002Z" },
    { url = "https://files.pythonhosted.org/packages/dd/2c/ff9bfb544f283ba5f83ba725a3c5fec6d6b10b8f27ac1dc641c473dc390d/psutil-7.2.2-cp314-cp314t-win_amd64.whl", hash = "sha256:c7663d4e37f13e884d13994247449e9f8f574bc4655d509c3b95e9ec9e2b9dc1", size = 141228, upload-time = "2026-01-28T18:15:18.385Z" },
    { url = "https://files.pythonhosted.org/packages/f2/fc/f8d9c31db14fcec13748d373e668bc3bed94d9077dbc17fb0eebc073233c/psutil-7.2.2-cp314-cp314t-win_arm64.whl", hash = "sha256:11fe5a4f613759764e79c65cf11ebdf26e33d6dd34336f8a337aa2996d71c841", size = 136284, upload-time = "2026-01-28T18:15:19.912Z" },
    { url = "https://files.pythonhosted.org/packages/e7/36/5ee6e05c9bd427237b11b3937ad82bb8ad2752d72c6969314590dd0c2f6e/psutil-7.2.2-cp36-abi3-macosx_10_9_x86_64.whl", hash = "sha256:ed0cace939114f62738d808fdcecd4c869222507e266e574799e9c0faa17d486", size = 129090, upload-time = "2026-01-28T18:15:22.168Z" },
    { url = "https://files.pythonhosted.org/packages/80/c4/f5af4c1ca8c1eeb2e92ccca14ce8effdeec651d5ab6053c589b074eda6e1/psutil-7.2.2-cp36-abi3-macosx_11_0_arm64.whl", hash = "sha256:1a7b04c10f32cc88ab39cbf606e117fd74721c831c98a27dc04578deb0c16979", size = 129859, upload-time = "2026-01-28T18:15:23.795Z" },
    { url = "https://files.pythonhosted.org/packages/b5/70/5d8df3b09e25bce090399cf48e452d25c935ab72dad19406c77f4e828045/psutil-7.2.2-cp36-abi3-manylinux2010_x86_64.manylinux_2_12_x86_64.manylinux_2_28_x86_64.whl", hash = "sha256:076a2d2f923fd4821644f5ba89f059523da90dc9014e85f8e45a5774ca5bc6f9", size = 155560, upload-time = "2026-01-28T18:15:25.976Z" },
    { url = "https://files.pythonhosted.org/packages/63/65/37648c0c158dc222aba51c089eb3bdfa238e621674dc42d48706e639204f/psutil-7.2.2-cp36-abi3-manylinux2014_aarch64.manylinux_2_17_aarch64.manylinux_2_28_aarch64.whl", hash = "sha256:b0726cecd84f9474419d67252add4ac0cd9811b04d61123054b9fb6f57df6e9e", size = 156997, upload-time = "2026-01-28T18:15:27.794Z" },
    { url = "https://files.pythonhosted.org/packages/8e/13/125093eadae863ce03c6ffdbae9929430d116a246ef69866dad94da3bfbc/psutil-7.2.2-cp36-abi3-musllinux_1_2_aarch64.whl", hash = "sha256:fd04ef36b4a6d599bbdb225dd1d3f51e00105f6d48a28f006da7f9822f2606d8", size = 148972, upload-time = "2026-01-28T18:15:29.342Z" },
    { url = "https://files.pythonhosted.org/packages/04/78/0acd37ca84ce3ddffaa92ef0f571e073faa6d8ff1f0559ab1272188ea2be/psutil-7.2.2-cp36-abi3-musllinux_1_2_x86_64.whl", hash = "sha256:b58fabe35e80b264a4e3bb23e6b96f9e45a3df7fb7eed419ac0e5947c61e47cc", size = 148266, upload-time = "2026-01-28T18:15:31.597Z" },
    { url = "https://files.pythonhosted.org/packages/b4/90/e2159492b5426be0c1fef7acba807a03511f97c5f86b3caeda6ad92351a7/psutil-7.2.2-cp37-abi3-win_amd64.whl", hash = "sha256:eb7e81434c8d223ec4a219b5fc1c47d0417b12be7ea866e24fb5ad6e84b3d988", size = 137737, upload-time = "2026-01-28T18:15:33.849Z" },
    { url = "https://files.pythonhosted.org/packages/8c/c7/7bb2e321574b10df20cbde462a94e2b71d05f9bbda251ef27d104668306a/psutil-7.2.2-cp37-abi3-win_arm64.whl", hash = "sha256:8c233660f575a5a89e6d4cb65d9f938126312bca76d8fe087b947b3a1aaac9ee", size = 134617, upload-time = "2026-01-28T18:15:36.514Z" },
]

[[package]]
name = "pygments"
version = "2.20.0"
source = { registry = "https://pypi.org/simple" }
sdist = { url = "https://files.pythonhosted.org/packages/c3/b2/bc9c9196916376152d655522fdcebac55e66de6603a76a02bca1b6414f6c/pygments-2.20.0.tar.gz", hash = "sha256:6757cd03768053ff99f3039c1a36d6c0aa0b263438fcab17520b30a303a82b5f", size = 4955991, upload-time = "2026-03-29T13:29:33.898Z" }
wheels = [
    { url = "https://files.pythonhosted.org/packages/f4/7e/a72dd26f3b0f4f2bf1dd8923c85f7ceb43172af56d63c7383eb62b332364/pygments-2.20.0-py3-none-any.whl", hash = "sha256:81a9e26dd42fd28a23a2d169d86d7ac03b46e2f8b59ed4698fb4785f946d0176", size = 1231151, upload-time = "2026-03-29T13:29:30.038Z" },
]

[[package]]
name = "pyright"
version = "1.1.414"
source = { registry = "https://pypi.org/simple" }
dependencies = [
    { name = "nodeenv" },
    { name = "typing-extensions" },
]
sdist = { url = "https://files.pythonhosted.org/packages/e1/1b/244c7b710031ada80f27e579ec20d28a2285dfc318fed0339866b1047f12/pyright-1.1.414.tar.gz", hash = "sha256:523c0a97c60da6333234955c277730c9cf4f5bd6d5399e7b7d2b0fc5d3599524", size = 4154638, upload-time = "2026-09-10T12:26:53.181Z" }
wheels = [
    { url = "https://files.pythonhosted.org/packages/d7/ba/18b6e682ead424ad24bcc134339ae5d1b931cd9ae260540592a058a91279/pyright-1.1.414-py3-none-any.whl", hash = "sha256:2a6b4b3298c9eec174c5ed83bd338de6eee82df2992f3e1930e6199d381be36f", size = 6225049, upload-time = "2026-09-10T12:26:51.427Z" },
]

[package.optional-dependencies]
nodejs = [
    { name = "nodejs-wheel-binaries" },
]

[[package]]
name = "pyside6"
version = "6.12.0"
source = { registry = "https://pypi.org/simple" }
dependencies = [
    { name = "pyside6-addons" },
    { name = "pyside6-essentials" },
    { name = "pyside6-pdf" },
    { name = "pyside6-webengine" },
]
wheels = [
    { url = "https://files.pythonhosted.org/packages/fa/db/0722bbb81c3515dd0847fd66a7fb4760b13ad59c89e40b27b362ab5624e2/pyside6-6.12.0-cp310-abi3-macosx_14_0_universal2.whl", hash = "sha256:efea4c2f2aa54403c45de825865a902a1960a1cc9d5aaa92d4ebb8f4c4cd0708", size = 577475, upload-time = "2026-10-08T09:11:15.222Z" },
    { url = "https://files.pythonhosted.org/packages/2f/53/db0cabed1e70d0bc4666b8cbc2611b72bff2f9d2c4813820182621a8c6ee/pyside6-6.12.0-cp310-abi3-manylinux_2_34_x86_64.whl", hash = "sha256:d13ed4d0053cc20f3e4e0fdbf12790a9b7f958d7e22c0843411ecfa8c799e2a9", size = 577709, upload-time = "2026-10-08T09:11:17.345Z" },
    { url = "https://files.pythonhosted.org/packages/4d/8c/dfd4f339285d2e6c31067789b9b7dd2cee26c098ecc78ac7200fb04aa344/pyside6-6.12.0-cp310-abi3-manylinux_2_39_aarch64.whl", hash = "sha256:8920e163f60493e18822d20f1e01c7c4bcf9c1c5cfbc68284788896f692594f8", size = 577708, upload-time = "2026-10-08T09:11:18.705Z" },
    { url = "https://files.pythonhosted.org/packages/a1/da/8e8514fc29ea916c3cd71a524480b77409e19ed12d709e8a5d73be089b81/pyside6-6.12.0-cp310-abi3-win_amd64.whl", hash = "sha256:31a8d2893f2f28ab483b1534dde0438f27af6e234593de30425cb4729052d8f8", size = 578958, upload-time = "2026-10-08T09:11:20.179Z" },
    { url = "https://files.pythonhosted.org/packages/5f/2e/3ebafaf7f4ccea6f6ea9d017f7fc7d9484b79e6b31d1cb92f5f5262055f0/pyside6-6.12.0-cp310-abi3-win_arm64.whl", hash = "sha256:22e2ec6407f32b61955a28f91ab55676e60017210285c28f0c381bfeed389414", size = 562743, upload-time = "2026-10-08T09:11:21.552Z" },
]

[[package]]
name = "pyside6-addons"
version = "6.12.0"
source = { registry = "https://pypi.org/simple" }
dependencies = [
    { name = "pyside6-essentials" },
]
wheels = [
    { url = "https://files.pythonhosted.org/packages/c3/16/c401d6455dbf49df37a8b142883e12d446abf51919c3e0ef5d9570e29160/pyside6_addons-6.12.0-cp310-abi3-macosx_14_0_universal2.whl", hash = "sha256:1d9bcd294ce1c9829194c7d13b01f771a2254b86cb3462cc3399321d2797fdac", size = 90545550, upload-time = "2026-10-08T09:08:14.778Z" },
    { url = "https://files.pythonhosted.org/packages/ff/3e/0d6c5934de575286ac0699a701d4155048185035b8da0ee78d57a38bc7ef/pyside6_addons-6.12.0-cp310-abi3-manylinux_2_34_x86_64.whl", hash = "sha256:4ab38c0017f0453671a9313d3a53ca1c0e378924f54b07e596bcea94a9642391", size = 59192702, upload-time = "2026-10-08T09:08:21.13Z" },
    { url = "https://files.pythonhosted.org/packages/94/14/b6c5683614601448c3ea8f19613ca378db75158ba594b662a8a8041e3e5f/pyside6_addons-6.12.0-cp310-abi3-manylinux_2_39_aarch64.whl", hash = "sha256:48cd0b639c06c9f79685f340ccae4319614b66d6efcdf06c2ce3836790d8c46e", size = 63646547, upload-time = "2026-10-08T09:08:26.921Z" },
    { url = "https://files.pythonhosted.org/packages/02/41/ba3d52fe2acd942ebf71eb02b3bdf0897f7f6f4ce8f52289cb50228e48d3/pyside6_addons-6.12.0-cp310-abi3-win_amd64.whl", hash = "sha256:98d8d62010da6605344cee83e5c96fb846170a1f2d924523f10f5d92078b02b0", size = 40522402, upload-time = "2026-10-08T09:08:31.678Z" },
    { url = "https://files.pythonhosted.org/packages/ea/73/860ab764368cd59b1a09cb891a9a4519425395ad1f6c47d83fde908fe603/pyside6_addons-6.12.0-cp310-abi3-win_arm64.whl", hash = "sha256:3c079cbaad2ad28bc5bfa92fd6bac4ba28d622b825825e3b4220f0682599b2db", size = 35940682, upload-time = "2026-10-08T09:08:35.424Z" },
]

[[package]]
name = "pyside6-essentials"
version = "6.12.0"
source = { registry = "https://pypi.org/simple" }
dependencies = [
    { name = "shiboken6" },
]
wheels = [
    { url = "https://files.pythonhosted.org/packages/e1/90/d528f8dd3f9f20712bc719e10c698d27c998e1dd76ed3f33b6fb606d0972/pyside6_essentials-6.12.0-cp310-abi3-macosx_14_0_universal2.whl", hash = "sha256:0867b709a724db28b161227c7d6ecb5ed10cc09226a53542417ac6dee1308239", size = 116002775, upload-time = "2026-10-08T09:09:54.453Z" },
    { url = "https://files.pythonhosted.org/packages/7b/3c/7597d8dcb36aa8315427635ec6ec9d850ffbad4ce78b9118ac854889f2d3/pyside6_essentials-6.12.0-cp310-abi3-manylinux_2_34_x86_64.whl", hash = "sha256:16f4b5e41daf49235ae048458243da9efe5f3d8040f9cc5aa454ce69893d3bd9", size = 84346433, upload-time = "2026-10-08T09:10:02.825Z" },
    { url = "https://files.pythonhosted.org/packages/5e/4e/f4fd4c016719be832ec49d3c87940459e87fd666179a0a199a3998d07916/pyside6_essentials-6.12.0-cp310-abi3-manylinux_2_39_aarch64.whl", hash = "sha256:08c5841063fc1df69b7fa1ee405f539e66576a83fc48004be3e2c5e35ccbfa69", size = 83810102, upload-time = "2026-10-08T09:10:09.13Z" },
    { url = "https://files.pythonhosted.org/packages/03/61/9a7e32a37b224f68506785bfb0f288d516098ec71681782d72b695a6c95d/pyside6_essentials-6.12.0-cp310-abi3-win_amd64.whl", hash = "sha256:c9a95102aa23c1f86516a30d5a9be37552d324eee7e567eb7508973f1218cb42", size = 82153795, upload-time = "2026-10-08T09:10:15.104Z" },
    { url = "https://files.pythonhosted.org/packages/92/11/43afb3d0e7c25dd09f0eb7e44f1283dadb5fa8d8b517249fe3fde02e6702/pyside6_essentials-6.12.0-cp310-abi3-win_arm64.whl", hash = "sha256:c76aa689989bf9bb9b45535e0a81c6733294df720b0eed1308fa30d2606b98cc", size = 62073456, upload-time = "2026-10-08T09:10:20.202Z" },
]

[[package]]
name = "pyside6-pdf"
version = "6.12.0.140"
source = { registry = "https://pypi.org/simple" }
dependencies = [
    { name = "pyside6-essentials" },
]
wheels = [
    { url = "https://files.pythonhosted.org/packages/58/33/23949c3b48af4b96b618e0502b7313ac52a782615db8dceae5bc2c516831/pyside6_pdf-6.12.0.140-cp310-abi3-macosx_14_0_universal2.whl", hash = "sha256:74287989dd24a82ac1604e27a2d4530a0ab71ff03cdf878c16fdbcf5144373fb", size = 8644803, upload-time = "2026-10-08T09:07:36.716Z" },
    { url = "https://files.pythonhosted.org/packages/b4/f0/9b4f3cb0506641ea53210c7b635703f1c2c1e81c27074438105ff118f8e7/pyside6_pdf-6.12.0.140-cp310-abi3-manylinux_2_34_x86_64.whl", hash = "sha256:0c94370b6b9d65fbfe54f9d6d25df0677db0cdcfd0a842a63958a3603a42007c", size = 2843877, upload-time = "2026-10-08T09:07:39.208Z" },
    { url = "https://files.pythonhosted.org/packages/39/cb/4a8cf3edb3f1b2396935573c02255be75f5605dcc77e9e3a201a6d6f26d7/pyside6_pdf-6.12.0.140-cp310-abi3-manylinux_2_39_aarch64.whl", hash = "sha256:2b63ee1f8ce3d3b2b648be2ebda483dd0fbca8d44c92a6c6f924033ac7fbde8c", size = 2837165, upload-time = "2026-10-08T09:07:40.756Z" },
    { url = "https://files.pythonhosted.org/packages/0e/8a/3f5eab9eb9e6486f0334b100322bbd0aff432dd90ad7977a3910979a163f/pyside6_pdf-6.12.0.140-cp310-abi3-win_amd64.whl", hash = "sha256:4971ba1a0ca15e7c29cfd808e9600aeb46b2305dad01456eb09fa3197166268e", size = 2983516, upload-time = "2026-10-08T09:07:42.312Z" },
    { url = "https://files.pythonhosted.org/packages/b2/87/5c29bdaf47bf0b0cee7f467e86ffeb07be5bf8aa2afd2ff6f0785d0515b4/pyside6_pdf-6.12.0.140-cp310-abi3-win_arm64.whl", hash = "sha256:ce6e4d858df1eb4e2adcbd8ba212f3611ce60f9978881fe10d417f36013a6ff9", size = 2758117, upload-time = "2026-10-08T09:07:43.936Z" },
]

[[package]]
name = "pyside6-webengine"
version = "6.12.0.140"
source = { registry = "https://pypi.org/simple" }
dependencies = [
    { name = "pyside6-addons" },
]
wheels = [
    { url = "https://files.pythonhosted.org/packages/08/37/3b50067bdcba5c22e20a8d7a029c919850c6d94f8398175b330c3b8765ad/pyside6_webengine-6.12.0.140-cp310-abi3-macosx_14_0_universal2.whl", hash = "sha256:9a1de2da360d1817c08e9400a2a2fc5234beb3022a22123e15355169e183074e", size = 249778242, upload-time = "2026-10-08T09:06:03.602Z" },
    { url = "https://files.pythonhosted.org/packages/ce/e0/cb8b68b962afc253709ed61555d0a4f297fd6786c0e77921d2e951504210/pyside6_webengine-6.12.0.140-cp310-abi3-manylinux_2_34_x86_64.whl", hash = "sha256:c041c9921d7c91c9e51a2c027f434d05c3c59baa2c8f17b71dc8194e77791f06", size = 116741921, upload-time = "2026-10-08T09:06:13.408Z" },
    { url = "https://files.pythonhosted.org/packages/1b/34/75944ed126293868fcbcc589fa2254e3310016920e5d32d21c29be021524/pyside6_webengine-6.12.0.140-cp310-abi3-manylinux_2_39_aarch64.whl", hash = "sha256:66a842ccb7f06fa7e357f6d4d63bc2739e3cbc1f93583f314e38c43024fe5f74", size = 114053128, upload-time = "2026-10-08T09:06:21.275Z" },
    { url = "https://files.pythonhosted.org/packages/21/0d/260c7c286f2d4e8a49c099152a385414a872f022117f937824ca0a3f38e5/pyside6_webengine-6.12.0.140-cp310-abi3-win_amd64.whl", hash = "sha256:f9b61b1d457a591ee590a6b80515f25a3e61e2576a2a0a70566380f9d9de4ab0", size = 131697708, upload-time = "2026-10-08T09:06:29.606Z" },
    { url = "https://files.pythonhosted.org/packages/76/34/7a2d1d7b95c96adf173c77d1862c2587789f7afb8754430fcfc2c9e4e47a/pyside6_webengine-6.12.0.140-cp310-abi3-win_arm64.whl", hash = "sha256:44d1fac2a057a71b8f947fc5177a95fab8a0ea4e2fda068f223a00fd0193a8c7", size = 65723, upload-time = "2026-10-08T09:06:32.559Z" },
]

[[package]]
name = "pytest"
version = "9.1.1"
source = { registry = "https://pypi.org/simple" }
dependencies = [
    { name = "colorama", marker = "sys_platform == 'win32'" },
    { name = "iniconfig" },
    { name = "packaging" },
    { name = "pluggy" },
    { name = "pygments" },
]
sdist = { url = "https://files.pythonhosted.org/packages/e4/47/b9efed96c114afcfa3c9d3fe98a76a1d14c74a9e266d397cf6eb64be5e01/pytest-9.1.1.tar.gz", hash = "sha256:1088fbde8f2b49d95a549a195707afa7a76a3ce9bcadc26b6d71f0ffda5fe313", size = 1636369, upload-time = "2026-06-19T10:58:32.857Z" }
wheels = [
    { url = "https://files.pythonhosted.org/packages/24/25/1de2678b631f5a49215c6c96fff41ba892b0a34df68d6d80292b1b48aa7f/pytest-9.1.1-py3-none-any.whl", hash = "sha256:37a86b45efb9a47a61a36449063e8e18d0cab3161329fc099eb21783169c4f0c", size = 386536, upload-time = "2026-06-19T10:58:31.347Z" },
]

[[package]]
name = "pytest-qt"
version = "4.5.0"
source = { registry = "https://pypi.org/simple" }
dependencies = [
    { name = "pluggy" },
    { name = "pytest" },
    { name = "typing-extensions" },
]
sdist = { url = "https://files.pythonhosted.org/packages/d3/61/8bdec02663c18bf5016709b909411dce04a868710477dc9b9844ffcf8dd2/pytest_qt-4.5.0.tar.gz", hash = "sha256:51620e01c488f065d2036425cbc1cbcf8a6972295105fd285321eb47e66a319f", size = 128702, upload-time = "2025-07-01T17:24:39.889Z" }
wheels = [
    { url = "https://files.pythonhosted.org/packages/cc/d0/8339b888ad64a3d4e508fed8245a402b503846e1972c10ad60955883dcbb/pytest_qt-4.5.0-py3-none-any.whl", hash = "sha256:ed21ea9b861247f7d18090a26bfbda8fb51d7a8a7b6f776157426ff2ccf26eff", size = 37214, upload-time = "2025-07-01T17:24:38.226Z" },
]

[[package]]
name = "ruff"
version = "0.16.10"
source = { registry = "https://pypi.org/simple" }
sdist = { url = "https://files.pythonhosted.org/packages/c4/49/23802c45f093eb14bde54b141d2b2f058edfa63a06db7beed047308cc08f/ruff-0.16.10.tar.gz", hash = "sha256:eff4728c4eaae93f0955cd264d24b2ab348e74bf59986ccf282ba6dc16b3b017", size = 4958724, upload-time = "2026-10-01T18:03:21.697Z" }
wheels = [
    { url = "https://files.pythonhosted.org/packages/2f/21/ebce22e1d90cdb2cd691026b9c6e9bec6499f0b396089481755b5d49efff/ruff-0.16.10-py3-none-linux_armv6l.whl", hash = "sha256:488b0fe3f3574210e5cf80d9f59b9e3ab17a127a8155de3f307b392589cfb511", size = 10095557, upload-time = "2026-10-01T18:02:36.072Z" },
    { url = "https://files.pythonhosted.org/packages/cb/98/a54de85876a8b2612bfa0d84c7b9abfb39c6a3354aee7800b09c1649b9e3/ruff-0.16.10-py3-none-macosx_10_12_x86_64.whl", hash = "sha256:e748ff95c934c4e978783b8e687bc174e7bd84e8ad24e3243e1ecfcda5e0282d", size = 10340577, upload-time = "2026-10-01T18:02:39.258Z" },
    { url = "https://files.pythonhosted.org/packages/9f/16/1a5a4a2657effe4806110f2b907313802f1367fcdbb29e8122766e407fab/ruff-0.16.10-py3-none-macosx_11_0_arm64.whl", hash = "sha256:3031a4a2e8e7b8a46f70be45f198c35a11ece509a94b80334d8d397a33c67550", size = 9774282, upload-time = "2026-10-01T18:02:41.79Z" },
    { url = "https://files.pythonhosted.org/packages/6e/fb/470085af734da396e68cd80fb0a3e7c109a459716ae59588c0f6fab8a17d/ruff-0.16.10-py3-none-manylinux_2_17_aarch64.manylinux2014_aarch64.whl", hash = "sha256:494401c86df4c4c25f69b9419605d944467ee98c42fb6ad405ef4fa40b8fb67d", size = 9920895, upload-time = "2026-10-01T18:02:44.458Z" },
    { url = "https://files.pythonhosted.org/packages/57/de/f10cffe4f88a37ea6615ec460f01bf76f0bc1477737a35d9ee61a630a78b/ruff-0.16.10-py3-none-manylinux_2_17_armv7l.manylinux2014_armv7l.whl", hash = "sha256:d203abc0ff2b773ee33d00ab8df0bb67046fbc7c07b119332f08b9b345cf8221", size = 9902707, upload-time = "2026-10-01T18:02:47.041Z" },
    { url = "https://files.pythonhosted.org/packages/ff/44/3fdcedf83ae60ef837dd239170e480dce606a9142cfa2db911afdf855fd9/ruff-0.16.10-py3-none-manylinux_2_17_i686.manylinux2014_i686.whl", hash = "sha256:bd83d1235a5258d318477bc5b576303974cbdef5df0c01a1bff14efcc23bd12a", size = 10619287, upload-time = "2026-10-01T18:02:49.485Z" },
    { url = "https://files.pythonhosted.org/packages/c1/62/02e76a5574002153618eafbb70e159468addc72a5d2c488e65cbb4639d2d/ruff-0.16.10-py3-none-manylinux_2_17_ppc64le.manylinux2014_ppc64le.whl", hash = "sha256:bc2610fb269fa56dd8a68669ae470fa6272902668c0fc2ebc3aa112b2633d5b8", size = 11339942, upload-time = "2026-10-01T18:02:52.008Z" },
    { url = "https://files.pythonhosted.org/packages/6b/c4/cde27d47ad8d4126c587e608c67c46e7feac11763f606d261a1bc8a489e6/ruff-0.16.10-py3-none-manylinux_2_17_s390x.manylinux2014_s390x.whl", hash = "sha256:3e70175e29cc94c26ea296c80e470180b744b7419026898e58f520c6ab32578e", size = 10934316, upload-time = "2026-10-01T18:02:54.811Z" },
    { url = "https://files.pythonhosted.org/packages/e4/03/17234145f302a645a123e8c3bb2411ecf4669fbc350de3b0d803230a1729/ruff-0.16.10-py3-none-manylinux_2_17_x86_64.manylinux2014_x86_64.whl", hash = "sha256:f33f43a864a8483eebd160e713336c8bab02c934feaff0a33cf5ccb41546d09a", size = 10387968, upload-time = "2026-10-01T18:02:57.497Z" },
    { url = "https://files.pythonhosted.org/packages/71/29/2493af60240ee7644b38a4b821f5f9c3b5a4fa3178770fe1d0c685217395/ruff-0.16.10-py3-none-manylinux_2_31_riscv64.whl", hash = "sha256:1dfc6f0088149fb6a362c1c446bcbb3fd2157b3852fe2fa68409276eab9ad9b3", size = 10537906, upload-time = "2026-10-01T18:03:00.006Z" },
    { url = "https://files.pythonhosted.org/packages/2e/9a/f56b28f3b143bb9e518c34fb89ab191b626bca8b70dbf8af0d2e2d473572/ruff-0.16.10-py3-none-musllinux_1_2_aarch64.whl", hash = "sha256:6553498afc35f580f036030795810b9e6bcea31604b0fd9e8d352795473042e3", size = 10012938, upload-time = "2026-10-01T18:03:03.006Z" },
    { url = "https://files.pythonhosted.org/packages/c2/c4/fca37362848ea4d4d80712df13632e645e7c7cfb1bdedf140699ac7a090b/ruff-0.16.10-py3-none-musllinux_1_2_armv7l.whl", hash = "sha256:a3b8471dea115d37f123882be852bed13403746d3a76c11de4a19ec5f9ff5a03", size = 9897945, upload-time = "2026-10-01T18:03:05.818Z" },
    { url = "https://files.pythonhosted.org/packages/7d/c7/e0bc57664d6e0c61fd22f620af260fe9662d7e1ddb320ea7f160e76ef165/ruff-0.16.10-py3-none-musllinux_1_2_i686.whl", hash = "sha256:92e59a70bcbd9d3a5483656da906ec28edfdacfce00afd99edb8b4e9d15644be", size = 10333134, upload-time = "2026-10-01T18:03:08.25Z" },
    { url = "https://files.pythonhosted.org/packages/21/aa/5c9f3b68737c0e4a33a1db5dfab44f7b786d96ca91a7233112ddab1e6dc2/ruff-0.16.10-py3-none-musllinux_1_2_x86_64.whl", hash = "sha256:7ae7375f803b5520dc9f546bed7e3a0acb70b91812e9bb4b19927de22f25b77d", size = 10741702, upload-time = "2026-10-01T18:03:10.775Z" },
    { url = "https://files.pythonhosted.org/packages/78/fa/0f9c2020dc316c53d983be011720b8157cc052b97e3f4dfa7db6d0f880a6/ruff-0.16.10-py3-none-win32.whl", hash = "sha256:2a12e01cb9156c10c466f63b46eaae5ecea28dfbd21b5836353ae498e7d1349a", size = 10139176, upload-time = "2026-10-01T18:03:13.267Z" },
    { url = "https://files.pythonhosted.org/packages/99/29/cfb0df9448d4d4ad48c2de029ada9ebd71baa6da983a6c77ee6c6cd0fe82/ruff-0.16.10-py3-none-win_amd64.whl", hash = "sha256:97f2015c92aa97105b0eab19eb5d224884399281cfc5da86a92db4ab5e7fb2ca", size = 10584734, upload-time = "2026-10-01T18:03:16.006Z" },
    { url = "https://files.pythonhosted.org/packages/fc/05/c16957eb287c3fc062e032619a25868d93d408a844b725bcf514f7a378ff/ruff-0.16.10-py3-none-win_arm64.whl", hash = "sha256:25a65fe998c4e6861ec079ada5826a2fc605e6cbccbe9dcd7fac1f54e791621b", size = 10366440, upload-time = "2026-10-01T18:03:19.04Z" },
]

[[package]]
name = "shiboken6"
version = "6.12.0"
source = { registry = "https://pypi.org/simple" }
wheels = [
    { url = "https://files.pythonhosted.org/packages/b5/45/11536fba5f50a57671eb14441c6098096f3e57074e54c9d7d66039a5831e/shiboken6-6.12.0-cp310-abi3-macosx_14_0_universal2.whl", hash = "sha256:47105e05baf57d35453e07d240bbe59cb4b8d9565377ea5134ff9fb37d4f5c02", size = 479653, upload-time = "2026-10-08T09:10:41.506Z" },
    { url = "https://files.pythonhosted.org/packages/49/c2/a04fa003b4360e99d8e3fc2829abacf37396ace63ea1cd616402209ec7c6/shiboken6-6.12.0-cp310-abi3-manylinux_2_34_x86_64.whl", hash = "sha256:3bde565bb0890044b5c7f63808adddede5abc241e9395a2bfed61919884d6240", size = 279268, upload-time = "2026-10-08T09:10:42.982Z" },
    { url = "https://files.pythonhosted.org/packages/97/ca/a4415e6218e0dff764fe2b2d30db2fc8f499a08ace07634232ade3f73adc/shiboken6-6.12.0-cp310-abi3-manylinux_2_39_aarch64.whl", hash = "sha256:ff72a72b3277b418902d562b987b33a6f6818bed9fe40a49d634d09bc67f620e", size = 276562, upload-time = "2026-10-08T09:10:44.25Z" },
    { url = "https://files.pythonhosted.org/packages/2a/b6/bee97e7a2edeab72aafabb46ee5adc939790a638d107860b4cad7a20e407/shiboken6-6.12.0-cp310-abi3-win_amd64.whl", hash = "sha256:a1906cb8116869178c64b6bab52623bbc8b4ceed7b30bfc3c9aa0f6e67f6438e", size = 1265476, upload-time = "2026-10-08T09:10:45.627Z" },
    { url = "https://files.pythonhosted.org/packages/8c/d5/5894d35f8a470ca8acff0d1cd8f15b1c94cbfdfe0ce4a6ec0fcf10b95bd1/shiboken6-6.12.0-cp310-abi3-win_arm64.whl", hash = "sha256:da382e68f0815b31b6dc2bce11a465b148c4f42c37b91546a361de1576567d10", size = 1838851, upload-time = "2026-10-08T09:10:47.123Z" },
]

[[package]]
name = "typing-extensions"
version = "4.16.0"
source = { registry = "https://pypi.org/simple" }
sdist = { url = "https://files.pythonhosted.org/packages/f6/cc/6253133b5bb138fc3306cebfbda2c520f545d36b5be2c7255cc528bb45d6/typing_extensions-4.16.0.tar.gz", hash = "sha256:dc983d19a509c94dba722ee6abd33940f7c05a89e243c47e907eb4db6f1a43e5", size = 113555, upload-time = "2026-07-02T08:40:05.92Z" }
wheels = [
    { url = "https://files.pythonhosted.org/packages/49/d3/b8441a820a491ddfc024b0b0cf0393375b75ea13866d9c66727e54c2fc80/typing_extensions-4.16.0-py3-none-any.whl", hash = "sha256:481caa481374e813c1b176ada14e97f1f67a4539ce9cfeb3f350d78d6370c2e8", size = 45571, upload-time = "2026-07-02T08:40:04.659Z" },
]
